{
  "lockfileVersion": 1,
  "configVersion": 0,
  "workspaces": {
    "": {
      "name": "@acme/integrations",
      "devDependencies": {
        "@biomejs/biome": "catalog:",
        "@types/bun": "catalog:",
        "@xentom/style-guide": "*",
        "turbo": "^2.6.1",
        "typescript": "catalog:",
      },
    },
    "packages/anthropic": {
      "name": "@xentom/anthropic",
      "version": "0.0.3",
      "dependencies": {
        "@anthropic-ai/sdk": "^0.68.0",
        "@xentom/integration-framework": "catalog:",
        "valibot": "catalog:",
      },
      "devDependencies": {
        "@biomejs/biome": "catalog:",
        "@types/bun": "catalog:",
        "@xentom/style-guide": "catalog:",
        "typescript": "catalog:",
      },
    },
    "packages/essentials": {
      "name": "@xentom/essentials",
      "version": "0.0.3",
      "dependencies": {
        "@xentom/integration-framework": "catalog:",
        "mime": "4.1.0",
        "valibot": "catalog:",
      },
      "devDependencies": {
        "@biomejs/biome": "catalog:",
        "@types/bun": "catalog:",
        "@xentom/style-guide": "catalog:",
        "typescript": "catalog:",
      },
    },
    "packages/github": {
      "name": "@xentom/github",
      "version": "0.0.4",
      "dependencies": {
        "@octokit/openapi-types": "*",
        "@octokit/webhooks": "^14.1.3",
        "@xentom/integration-framework": "catalog:",
        "octokit": "^5.0.5",
        "valibot": "catalog:",
      },
      "devDependencies": {
        "@biomejs/biome": "catalog:",
        "@types/bun": "catalog:",
        "@xentom/style-guide": "catalog:",
        "typescript": "catalog:",
      },
    },
    "packages/gmail": {
      "name": "@xentom/gmail",
      "version": "0.0.2",
      "dependencies": {
        "@xentom/integration-framework": "catalog:",
        "google-auth-library": "10.3.0",
        "googleapis": "catalog:",
        "valibot": "catalog:",
      },
      "devDependencies": {
        "@biomejs/biome": "catalog:",
        "@types/bun": "catalog:",
        "@xentom/style-guide": "catalog:",
        "gaxios": "*",
        "typescript": "catalog:",
      },
    },
    "packages/google-sheets": {
      "name": "@xentom/google-sheets",
      "version": "0.0.3",
      "dependencies": {
        "@xentom/integration-framework": "catalog:",
        "google-auth-library": "10.3.0",
        "googleapis": "catalog:",
        "valibot": "catalog:",
      },
      "devDependencies": {
        "@biomejs/biome": "catalog:",
        "@types/bun": "catalog:",
        "@xentom/style-guide": "catalog:",
        "typescript": "catalog:",
      },
    },
    "packages/openai": {
      "name": "@xentom/openai",
      "version": "0.0.3",
      "dependencies": {
        "@xentom/integration-framework": "catalog:",
        "mime": "4.1.0",
        "openai": "^6.9.0",
        "valibot": "catalog:",
        "zod": "^4.1.12",
      },
      "devDependencies": {
        "@biomejs/biome": "catalog:",
        "@types/bun": "catalog:",
        "@xentom/style-guide": "catalog:",
        "typescript": "catalog:",
      },
    },
    "packages/resend": {
      "name": "@xentom/resend",
      "version": "0.0.3",
      "dependencies": {
        "@xentom/integration-framework": "catalog:",
        "resend": "^6.4.2",
        "valibot": "catalog:",
      },
      "devDependencies": {
        "@biomejs/biome": "catalog:",
        "@types/bun": "catalog:",
        "@xentom/style-guide": "catalog:",
        "typescript": "catalog:",
      },
    },
    "packages/slack": {
      "name": "@xentom/slack",
      "version": "0.0.3",
      "dependencies": {
        "@slack/socket-mode": "^2.0.5",
        "@slack/web-api": "^7.12.0",
        "@xentom/integration-framework": "catalog:",
        "valibot": "catalog:",
      },
      "devDependencies": {
        "@biomejs/biome": "catalog:",
        "@types/bun": "catalog:",
        "@xentom/style-guide": "catalog:",
        "typescript": "catalog:",
      },
    },
    "packages/stripe": {
      "name": "@xentom/stripe",
      "version": "0.0.3",
      "dependencies": {
        "@xentom/integration-framework": "catalog:",
        "stripe": "^17.5.0",
        "valibot": "catalog:",
      },
      "devDependencies": {
        "@biomejs/biome": "catalog:",
        "@types/bun": "catalog:",
        "@xentom/style-guide": "catalog:",
        "typescript": "catalog:",
      },
    },
    "packages/teamspeak": {
      "name": "@xentom/teamspeak",
      "version": "0.0.3",
      "dependencies": {
        "@xentom/integration-framework": "catalog:",
        "ts3-nodejs-library": "^3.5.1",
        "valibot": "catalog:",
      },
      "devDependencies": {
        "@biomejs/biome": "catalog:",
        "@types/bun": "catalog:",
        "@types/node": "^24.10.1",
        "@xentom/style-guide": "catalog:",
        "typescript": "catalog:",
      },
    },
    "packages/template": {
      "name": "@xentom/template",
      "version": "0.0.1",
      "dependencies": {
        "@xentom/integration-framework": "catalog:",
        "valibot": "catalog:",
      },
      "devDependencies": {
        "@biomejs/biome": "catalog:",
        "@types/bun": "catalog:",
        "@xentom/style-guide": "catalog:",
        "typescript": "catalog:",
      },
    },
    "tooling/style-guide": {
      "name": "@xentom/style-guide",
      "version": "0.0.0",
      "devDependencies": {
        "@biomejs/biome": "^2.3.7",
        "typescript": "^5.9.3",
      },
      "peerDependencies": {
        "@biomejs/biome": "^2.3.7",
        "typescript": "^5.8.3",
      },
      "optionalPeers": [
        "@biomejs/biome",
        "typescript",
      ],
    },
  },
  "patchedDependencies": {
    "cpu-features@0.0.10": "patches/cpu-features@0.0.10.patch",
  },
  "catalog": {
    "@biomejs/biome": "^2.3.7",
    "@types/bun": "^1.3.2",
    "@xentom/integration-framework": "^0.0.13",
    "@xentom/style-guide": "*",
    "googleapis": "^166.0.0",
    "mime": "^4.0.7",
    "typescript": "^5.9.3",
    "valibot": "^1.1.0",
  },
  "packages": {
    "@anthropic-ai/sdk": ["@anthropic-ai/sdk@0.68.0", "", { "dependencies": { "json-schema-to-ts": "^3.1.1" }, "peerDependencies": { "zod": "^3.25.0 || ^4.0.0" }, "optionalPeers": ["zod"], "bin": { "anthropic-ai-sdk": "bin/cli" } }, "sha512-SMYAmbbiprG8k1EjEPMTwaTqssDT7Ae+jxcR5kWXiqTlbwMR2AthXtscEVWOHkRfyAV5+y3PFYTJRNa3OJWIEw=="],

    "@babel/runtime": ["@babel/runtime@7.28.4", "", {}, "sha512-Q/N6JNWvIvPnLDvjlE1OUBLPQHH6l3CltCEsHIujp45zQUSSh8K+gHnaEX45yAT1nyngnINhvWtzN+Nb9D8RAQ=="],

    "@biomejs/biome": ["@biomejs/biome@2.3.7", "", { "optionalDependencies": { "@biomejs/cli-darwin-arm64": "2.3.7", "@biomejs/cli-darwin-x64": "2.3.7", "@biomejs/cli-linux-arm64": "2.3.7", "@biomejs/cli-linux-arm64-musl": "2.3.7", "@biomejs/cli-linux-x64": "2.3.7", "@biomejs/cli-linux-x64-musl": "2.3.7", "@biomejs/cli-win32-arm64": "2.3.7", "@biomejs/cli-win32-x64": "2.3.7" }, "bin": { "biome": "bin/biome" } }, "sha512-CTbAS/jNAiUc6rcq94BrTB8z83O9+BsgWj2sBCQg9rD6Wkh2gjfR87usjx0Ncx0zGXP1NKgT7JNglay5Zfs9jw=="],

    "@biomejs/cli-darwin-arm64": ["@biomejs/cli-darwin-arm64@2.3.7", "", { "os": "darwin", "cpu": "arm64" }, "sha512-LirkamEwzIUULhXcf2D5b+NatXKeqhOwilM+5eRkbrnr6daKz9rsBL0kNZ16Hcy4b8RFq22SG4tcLwM+yx/wFA=="],

    "@biomejs/cli-darwin-x64": ["@biomejs/cli-darwin-x64@2.3.7", "", { "os": "darwin", "cpu": "x64" }, "sha512-Q4TO633kvrMQkKIV7wmf8HXwF0dhdTD9S458LGE24TYgBjSRbuhvio4D5eOQzirEYg6eqxfs53ga/rbdd8nBKg=="],

    "@biomejs/cli-linux-arm64": ["@biomejs/cli-linux-arm64@2.3.7", "", { "os": "linux", "cpu": "arm64" }, "sha512-inHOTdlstUBzgjDcx0ge71U4SVTbwAljmkfi3MC5WzsYCRhancqfeL+sa4Ke6v2ND53WIwCFD5hGsYExoI3EZQ=="],

    "@biomejs/cli-linux-arm64-musl": ["@biomejs/cli-linux-arm64-musl@2.3.7", "", { "os": "linux", "cpu": "arm64" }, "sha512-/afy8lto4CB8scWfMdt+NoCZtatBUF62Tk3ilWH2w8ENd5spLhM77zKlFZEvsKJv9AFNHknMl03zO67CiklL2Q=="],

    "@biomejs/cli-linux-x64": ["@biomejs/cli-linux-x64@2.3.7", "", { "os": "linux", "cpu": "x64" }, "sha512-fJMc3ZEuo/NaMYo5rvoWjdSS5/uVSW+HPRQujucpZqm2ZCq71b8MKJ9U4th9yrv2L5+5NjPF0nqqILCl8HY/fg=="],

    "@biomejs/cli-linux-x64-musl": ["@biomejs/cli-linux-x64-musl@2.3.7", "", { "os": "linux", "cpu": "x64" }, "sha512-CQUtgH1tIN6e5wiYSJqzSwJumHYolNtaj1dwZGCnZXm2PZU1jOJof9TsyiP3bXNDb+VOR7oo7ZvY01If0W3iFQ=="],

    "@biomejs/cli-win32-arm64": ["@biomejs/cli-win32-arm64@2.3.7", "", { "os": "win32", "cpu": "arm64" }, "sha512-aJAE8eCNyRpcfx2JJAtsPtISnELJ0H4xVVSwnxm13bzI8RwbXMyVtxy2r5DV1xT3WiSP+7LxORcApWw0LM8HiA=="],

    "@biomejs/cli-win32-x64": ["@biomejs/cli-win32-x64@2.3.7", "", { "os": "win32", "cpu": "x64" }, "sha512-pulzUshqv9Ed//MiE8MOUeeEkbkSHVDVY5Cz5wVAnH1DUqliCQG3j6s1POaITTFqFfo7AVIx2sWdKpx/GS+Nqw=="],

    "@octokit/app": ["@octokit/app@16.1.2", "", { "dependencies": { "@octokit/auth-app": "^8.1.2", "@octokit/auth-unauthenticated": "^7.0.3", "@octokit/core": "^7.0.6", "@octokit/oauth-app": "^8.0.3", "@octokit/plugin-paginate-rest": "^14.0.0", "@octokit/types": "^16.0.0", "@octokit/webhooks": "^14.0.0" } }, "sha512-8j7sEpUYVj18dxvh0KWj6W/l6uAiVRBl1JBDVRqH1VHKAO/G5eRVl4yEoYACjakWers1DjUkcCHyJNQK47JqyQ=="],

    "@octokit/auth-app": ["@octokit/auth-app@8.1.2", "", { "dependencies": { "@octokit/auth-oauth-app": "^9.0.3", "@octokit/auth-oauth-user": "^6.0.2", "@octokit/request": "^10.0.6", "@octokit/request-error": "^7.0.2", "@octokit/types": "^16.0.0", "toad-cache": "^3.7.0", "universal-github-app-jwt": "^2.2.0", "universal-user-agent": "^7.0.0" } }, "sha512-db8VO0PqXxfzI6GdjtgEFHY9tzqUql5xMFXYA12juq8TeTgPAuiiP3zid4h50lwlIP457p5+56PnJOgd2GGBuw=="],

    "@octokit/auth-oauth-app": ["@octokit/auth-oauth-app@9.0.3", "", { "dependencies": { "@octokit/auth-oauth-device": "^8.0.3", "@octokit/auth-oauth-user": "^6.0.2", "@octokit/request": "^10.0.6", "@octokit/types": "^16.0.0", "universal-user-agent": "^7.0.0" } }, "sha512-+yoFQquaF8OxJSxTb7rnytBIC2ZLbLqA/yb71I4ZXT9+Slw4TziV9j/kyGhUFRRTF2+7WlnIWsePZCWHs+OGjg=="],

    "@octokit/auth-oauth-device": ["@octokit/auth-oauth-device@8.0.3", "", { "dependencies": { "@octokit/oauth-methods": "^6.0.2", "@octokit/request": "^10.0.6", "@octokit/types": "^16.0.0", "universal-user-agent": "^7.0.0" } }, "sha512-zh2W0mKKMh/VWZhSqlaCzY7qFyrgd9oTWmTmHaXnHNeQRCZr/CXy2jCgHo4e4dJVTiuxP5dLa0YM5p5QVhJHbw=="],

    "@octokit/auth-oauth-user": ["@octokit/auth-oauth-user@6.0.2", "", { "dependencies": { "@octokit/auth-oauth-device": "^8.0.3", "@octokit/oauth-methods": "^6.0.2", "@octokit/request": "^10.0.6", "@octokit/types": "^16.0.0", "universal-user-agent": "^7.0.0" } }, "sha512-qLoPPc6E6GJoz3XeDG/pnDhJpTkODTGG4kY0/Py154i/I003O9NazkrwJwRuzgCalhzyIeWQ+6MDvkUmKXjg/A=="],

    "@octokit/auth-token": ["@octokit/auth-token@6.0.0", "", {}, "sha512-P4YJBPdPSpWTQ1NU4XYdvHvXJJDxM6YwpS0FZHRgP7YFkdVxsWcpWGy/NVqlAA7PcPCnMacXlRm1y2PFZRWL/w=="],

    "@octokit/auth-unauthenticated": ["@octokit/auth-unauthenticated@7.0.3", "", { "dependencies": { "@octokit/request-error": "^7.0.2", "@octokit/types": "^16.0.0" } }, "sha512-8Jb1mtUdmBHL7lGmop9mU9ArMRUTRhg8vp0T1VtZ4yd9vEm3zcLwmjQkhNEduKawOOORie61xhtYIhTDN+ZQ3g=="],

    "@octokit/core": ["@octokit/core@7.0.6", "", { "dependencies": { "@octokit/auth-token": "^6.0.0", "@octokit/graphql": "^9.0.3", "@octokit/request": "^10.0.6", "@octokit/request-error": "^7.0.2", "@octokit/types": "^16.0.0", "before-after-hook": "^4.0.0", "universal-user-agent": "^7.0.0" } }, "sha512-DhGl4xMVFGVIyMwswXeyzdL4uXD5OGILGX5N8Y+f6W7LhC1Ze2poSNrkF/fedpVDHEEZ+PHFW0vL14I+mm8K3Q=="],

    "@octokit/endpoint": ["@octokit/endpoint@11.0.2", "", { "dependencies": { "@octokit/types": "^16.0.0", "universal-user-agent": "^7.0.2" } }, "sha512-4zCpzP1fWc7QlqunZ5bSEjxc6yLAlRTnDwKtgXfcI/FxxGoqedDG8V2+xJ60bV2kODqcGB+nATdtap/XYq2NZQ=="],

    "@octokit/graphql": ["@octokit/graphql@9.0.3", "", { "dependencies": { "@octokit/request": "^10.0.6", "@octokit/types": "^16.0.0", "universal-user-agent": "^7.0.0" } }, "sha512-grAEuupr/C1rALFnXTv6ZQhFuL1D8G5y8CN04RgrO4FIPMrtm+mcZzFG7dcBm+nq+1ppNixu+Jd78aeJOYxlGA=="],

    "@octokit/oauth-app": ["@octokit/oauth-app@8.0.3", "", { "dependencies": { "@octokit/auth-oauth-app": "^9.0.2", "@octokit/auth-oauth-user": "^6.0.1", "@octokit/auth-unauthenticated": "^7.0.2", "@octokit/core": "^7.0.5", "@octokit/oauth-authorization-url": "^8.0.0", "@octokit/oauth-methods": "^6.0.1", "@types/aws-lambda": "^8.10.83", "universal-user-agent": "^7.0.0" } }, "sha512-jnAjvTsPepyUaMu9e69hYBuozEPgYqP4Z3UnpmvoIzHDpf8EXDGvTY1l1jK0RsZ194oRd+k6Hm13oRU8EoDFwg=="],

    "@octokit/oauth-authorization-url": ["@octokit/oauth-authorization-url@8.0.0", "", {}, "sha512-7QoLPRh/ssEA/HuHBHdVdSgF8xNLz/Bc5m9fZkArJE5bb6NmVkDm3anKxXPmN1zh6b5WKZPRr3697xKT/yM3qQ=="],

    "@octokit/oauth-methods": ["@octokit/oauth-methods@6.0.2", "", { "dependencies": { "@octokit/oauth-authorization-url": "^8.0.0", "@octokit/request": "^10.0.6", "@octokit/request-error": "^7.0.2", "@octokit/types": "^16.0.0" } }, "sha512-HiNOO3MqLxlt5Da5bZbLV8Zarnphi4y9XehrbaFMkcoJ+FL7sMxH/UlUsCVxpddVu4qvNDrBdaTVE2o4ITK8ng=="],

    "@octokit/openapi-types": ["@octokit/openapi-types@27.0.0", "", {}, "sha512-whrdktVs1h6gtR+09+QsNk2+FO+49j6ga1c55YZudfEG+oKJVvJLQi3zkOm5JjiUXAagWK2tI2kTGKJ2Ys7MGA=="],

    "@octokit/openapi-webhooks-types": ["@octokit/openapi-webhooks-types@12.0.3", "", {}, "sha512-90MF5LVHjBedwoHyJsgmaFhEN1uzXyBDRLEBe7jlTYx/fEhPAk3P3DAJsfZwC54m8hAIryosJOL+UuZHB3K3yA=="],

    "@octokit/plugin-paginate-graphql": ["@octokit/plugin-paginate-graphql@6.0.0", "", { "peerDependencies": { "@octokit/core": ">=6" } }, "sha512-crfpnIoFiBtRkvPqOyLOsw12XsveYuY2ieP6uYDosoUegBJpSVxGwut9sxUgFFcll3VTOTqpUf8yGd8x1OmAkQ=="],

    "@octokit/plugin-paginate-rest": ["@octokit/plugin-paginate-rest@14.0.0", "", { "dependencies": { "@octokit/types": "^16.0.0" }, "peerDependencies": { "@octokit/core": ">=6" } }, "sha512-fNVRE7ufJiAA3XUrha2omTA39M6IXIc6GIZLvlbsm8QOQCYvpq/LkMNGyFlB1d8hTDzsAXa3OKtybdMAYsV/fw=="],

    "@octokit/plugin-rest-endpoint-methods": ["@octokit/plugin-rest-endpoint-methods@17.0.0", "", { "dependencies": { "@octokit/types": "^16.0.0" }, "peerDependencies": { "@octokit/core": ">=6" } }, "sha512-B5yCyIlOJFPqUUeiD0cnBJwWJO8lkJs5d8+ze9QDP6SvfiXSz1BF+91+0MeI1d2yxgOhU/O+CvtiZ9jSkHhFAw=="],

    "@octokit/plugin-retry": ["@octokit/plugin-retry@8.0.3", "", { "dependencies": { "@octokit/request-error": "^7.0.2", "@octokit/types": "^16.0.0", "bottleneck": "^2.15.3" }, "peerDependencies": { "@octokit/core": ">=7" } }, "sha512-vKGx1i3MC0za53IzYBSBXcrhmd+daQDzuZfYDd52X5S0M2otf3kVZTVP8bLA3EkU0lTvd1WEC2OlNNa4G+dohA=="],

    "@octokit/plugin-throttling": ["@octokit/plugin-throttling@11.0.3", "", { "dependencies": { "@octokit/types": "^16.0.0", "bottleneck": "^2.15.3" }, "peerDependencies": { "@octokit/core": "^7.0.0" } }, "sha512-34eE0RkFCKycLl2D2kq7W+LovheM/ex3AwZCYN8udpi6bxsyjZidb2McXs69hZhLmJlDqTSP8cH+jSRpiaijBg=="],

    "@octokit/request": ["@octokit/request@10.0.7", "", { "dependencies": { "@octokit/endpoint": "^11.0.2", "@octokit/request-error": "^7.0.2", "@octokit/types": "^16.0.0", "fast-content-type-parse": "^3.0.0", "universal-user-agent": "^7.0.2" } }, "sha512-v93h0i1yu4idj8qFPZwjehoJx4j3Ntn+JhXsdJrG9pYaX6j/XRz2RmasMUHtNgQD39nrv/VwTWSqK0RNXR8upA=="],

    "@octokit/request-error": ["@octokit/request-error@7.0.0", "", { "dependencies": { "@octokit/types": "^14.0.0" } }, "sha512-KRA7VTGdVyJlh0cP5Tf94hTiYVVqmt2f3I6mnimmaVz4UG3gQV/k4mDJlJv3X67iX6rmN7gSHCF8ssqeMnmhZg=="],

    "@octokit/types": ["@octokit/types@16.0.0", "", { "dependencies": { "@octokit/openapi-types": "^27.0.0" } }, "sha512-sKq+9r1Mm4efXW1FCk7hFSeJo4QKreL/tTbR0rz/qx/r1Oa2VV83LTA/H/MuCOX7uCIJmQVRKBcbmWoySjAnSg=="],

    "@octokit/webhooks": ["@octokit/webhooks@14.1.3", "", { "dependencies": { "@octokit/openapi-webhooks-types": "12.0.3", "@octokit/request-error": "^7.0.0", "@octokit/webhooks-methods": "^6.0.0" } }, "sha512-gcK4FNaROM9NjA0mvyfXl0KPusk7a1BeA8ITlYEZVQCXF5gcETTd4yhAU0Kjzd8mXwYHppzJBWgdBVpIR9wUcQ=="],

    "@octokit/webhooks-methods": ["@octokit/webhooks-methods@6.0.0", "", {}, "sha512-MFlzzoDJVw/GcbfzVC1RLR36QqkTLUf79vLVO3D+xn7r0QgxnFoLZgtrzxiQErAjFUOdH6fas2KeQJ1yr/qaXQ=="],

    "@slack/logger": ["@slack/logger@4.0.0", "", { "dependencies": { "@types/node": ">=18.0.0" } }, "sha512-Wz7QYfPAlG/DR+DfABddUZeNgoeY7d1J39OCR2jR+v7VBsB8ezulDK5szTnDDPDwLH5IWhLvXIHlCFZV7MSKgA=="],

    "@slack/socket-mode": ["@slack/socket-mode@2.0.5", "", { "dependencies": { "@slack/logger": "^4", "@slack/web-api": "^7.10.0", "@types/node": ">=18", "@types/ws": "^8", "eventemitter3": "^5", "ws": "^8" } }, "sha512-VaapvmrAifeFLAFaDPfGhEwwunTKsI6bQhYzxRXw7BSujZUae5sANO76WqlVsLXuhVtCVrBWPiS2snAQR2RHJQ=="],

    "@slack/types": ["@slack/types@2.18.0", "", {}, "sha512-ZKrdeoppbM+3l2KKOi4/3oFYKCEwiW3dQfdHZDcecJ9rAmEqWPnARYmac9taZNitb0xnSgu6GOpHgwaKI8se2g=="],

    "@slack/web-api": ["@slack/web-api@7.12.0", "", { "dependencies": { "@slack/logger": "^4.0.0", "@slack/types": "^2.18.0", "@types/node": ">=18.0.0", "@types/retry": "0.12.0", "axios": "^1.11.0", "eventemitter3": "^5.0.1", "form-data": "^4.0.4", "is-electron": "2.2.2", "is-stream": "^2", "p-queue": "^6", "p-retry": "^4", "retry": "^0.13.1" } }, "sha512-LrDxjYyqjeYYQGVdVZ6EYHunFmzveOr2pFpShr6TzW4KNFpdNNnpKekjtMg0PJlOsMibSySLGQqiBZQDasmRCA=="],

    "@stablelib/base64": ["@stablelib/base64@1.0.1", "", {}, "sha512-1bnPQqSxSuc3Ii6MhBysoWCg58j97aUjuCSZrGSmDxNqtytIi0k8utUenAwTZN4V5mXXYGsVUI9zeBqy+jBOSQ=="],

    "@standard-schema/spec": ["@standard-schema/spec@1.0.0", "", {}, "sha512-m2bOd0f2RT9k8QJx1JN85cZYyH1RqFBdlwtkSlf4tBDYLCiiZnv1fIIwacK6cqwXavOydf0NPToMQgpKq+dVlA=="],

    "@types/aws-lambda": ["@types/aws-lambda@8.10.150", "", {}, "sha512-AX+AbjH/rH5ezX1fbK8onC/a+HyQHo7QGmvoxAE42n22OsciAxvZoZNEr22tbXs8WfP1nIsBjKDpgPm3HjOZbA=="],

    "@types/bun": ["@types/bun@1.3.2", "", { "dependencies": { "bun-types": "1.3.2" } }, "sha512-t15P7k5UIgHKkxwnMNkJbWlh/617rkDGEdSsDbu+qNHTaz9SKf7aC8fiIlUdD5RPpH6GEkP0cK7WlvmrEBRtWg=="],

    "@types/node": ["@types/node@24.10.1", "", { "dependencies": { "undici-types": "~7.16.0" } }, "sha512-GNWcUTRBgIRJD5zj+Tq0fKOJ5XZajIiBroOF0yvj2bSU1WvNdYS/dn9UxwsujGW4JX06dnHyjV2y9rRaybH0iQ=="],

    "@types/react": ["@types/react@19.1.8", "", { "dependencies": { "csstype": "^3.0.2" } }, "sha512-AwAfQ2Wa5bCx9WP8nZL2uMZWod7J7/JSplxbTmBQ5ms6QpqNYm672H0Vu9ZVKVngQ+ii4R/byguVEUZQyeg44g=="],

    "@types/retry": ["@types/retry@0.12.0", "", {}, "sha512-wWKOClTTiizcZhXnPY4wikVAwmdYHp8q6DmC+EJUzAMsycb7HB32Kh9RN4+0gExjmPmZSAQjgURXIGATPegAvA=="],

    "@types/ws": ["@types/ws@8.18.1", "", { "dependencies": { "@types/node": "*" } }, "sha512-ThVF6DCVhA8kUGy+aazFQ4kXQ7E1Ty7A3ypFOe0IcJV8O/M511G99AW24irKrW56Wt44yG9+ij8FaqoBGkuBXg=="],

    "@xentom/anthropic": ["@xentom/anthropic@workspace:packages/anthropic"],

    "@xentom/essentials": ["@xentom/essentials@workspace:packages/essentials"],

    "@xentom/github": ["@xentom/github@workspace:packages/github"],

    "@xentom/gmail": ["@xentom/gmail@workspace:packages/gmail"],

    "@xentom/google-sheets": ["@xentom/google-sheets@workspace:packages/google-sheets"],

    "@xentom/integration-framework": ["@xentom/integration-framework@0.0.13", "", { "dependencies": { "@standard-schema/spec": "^1.0.0" } }, "sha512-M5FdJC6d78iZt6/xSXo4Ixt1aCo+u5BeKHpHnPEb06kIDPH1OaHzUygK/Mk9JtB59r7V83/IapDQDnmr7bYokg=="],

    "@xentom/openai": ["@xentom/openai@workspace:packages/openai"],

    "@xentom/resend": ["@xentom/resend@workspace:packages/resend"],

    "@xentom/slack": ["@xentom/slack@workspace:packages/slack"],

    "@xentom/stripe": ["@xentom/stripe@workspace:packages/stripe"],

    "@xentom/style-guide": ["@xentom/style-guide@workspace:tooling/style-guide"],

    "@xentom/teamspeak": ["@xentom/teamspeak@workspace:packages/teamspeak"],

    "@xentom/template": ["@xentom/template@workspace:packages/template"],

    "agent-base": ["agent-base@7.1.4", "", {}, "sha512-MnA+YT8fwfJPgBx3m60MNqakm30XOkyIoH1y6huTQvC0PwZG7ki8NacLBcrPbNoo8vEZy7Jpuk7+jMO+CUovTQ=="],

    "asn1": ["asn1@0.2.6", "", { "dependencies": { "safer-buffer": "~2.1.0" } }, "sha512-ix/FxPn0MDjeyJ7i/yoHGFt/EX6LyNbxSEhPPXODPL+KB0VPk86UYfL0lMdy+KCnv+fmvIzySwaK5COwqVbWTQ=="],

    "asynckit": ["asynckit@0.4.0", "", {}, "sha512-Oei9OH4tRh0YqU3GxhX79dM/mwVgvbZJaSNaRk+bshkj0S5cfHcgYakreBjrHwatXKbz+IoIdYLxrKim2MjW0Q=="],

    "axios": ["axios@1.12.2", "", { "dependencies": { "follow-redirects": "^1.15.6", "form-data": "^4.0.4", "proxy-from-env": "^1.1.0" } }, "sha512-vMJzPewAlRyOgxV2dU0Cuz2O8zzzx9VYtbJOaBgXFeLc4IV/Eg50n4LowmehOOR61S8ZMpc2K5Sa7g6A4jfkUw=="],

    "base64-js": ["base64-js@1.5.1", "", {}, "sha512-AKpaYlHn8t4SVbOHCy+b5+KKgvR4vrsD8vbvrbiQJps7fKDTkjkDry6ji0rUJjC0kzbNePLwzxq8iypo41qeWA=="],

    "bcrypt-pbkdf": ["bcrypt-pbkdf@1.0.2", "", { "dependencies": { "tweetnacl": "^0.14.3" } }, "sha512-qeFIXtP4MSoi6NLqO12WfqARWWuCKi2Rn/9hJLEmtB5yTNr9DqFWkJRCf2qShWzPeAMRnOgCrq0sg/KLv5ES9w=="],

    "before-after-hook": ["before-after-hook@4.0.0", "", {}, "sha512-q6tR3RPqIB1pMiTRMFcZwuG5T8vwp+vUvEG0vuI6B+Rikh5BfPp2fQ82c925FOs+b0lcFQ8CFrL+KbilfZFhOQ=="],

    "bignumber.js": ["bignumber.js@9.3.1", "", {}, "sha512-Ko0uX15oIUS7wJ3Rb30Fs6SkVbLmPBAKdlm7q9+ak9bbIeFf0MwuBsQV6z7+X768/cHsfg+WlysDWJcmthjsjQ=="],

    "bottleneck": ["bottleneck@2.19.5", "", {}, "sha512-VHiNCbI1lKdl44tGrhNfU3lup0Tj/ZBMJB5/2ZbNXRCPuRCO7ed2mgcK4r17y+KB2EfuYuRaVlwNbAeaWGSpbw=="],

    "buffer-crc32": ["buffer-crc32@0.2.13", "", {}, "sha512-VO9Ht/+p3SN7SKWqcrgEzjGbRSJYTx+Q1pTQC0wrWqHx0vpJraQ6GtHx8tvcg1rlK1byhU5gccxgOgj7B0TDkQ=="],

    "buffer-equal-constant-time": ["buffer-equal-constant-time@1.0.1", "", {}, "sha512-zRpUiDwd/xk6ADqPMATG8vc9VPrkck7T07OIx0gnjmJAnHnTVXNQG3vfvWNuiZIkwu9KrKdA1iJKfsfTVxE6NA=="],

    "buildcheck": ["buildcheck@0.0.6", "", {}, "sha512-8f9ZJCUXyT1M35Jx7MkBgmBMo3oHTTBIPLiY9xyL0pl3T5RwcPEY8cUHr5LBNfu/fk6c2T4DJZuVM/8ZZT2D2A=="],

    "bun-types": ["bun-types@1.3.2", "", { "dependencies": { "@types/node": "*" }, "peerDependencies": { "@types/react": "^19" } }, "sha512-i/Gln4tbzKNuxP70OWhJRZz1MRfvqExowP7U6JKoI8cntFrtxg7RJK3jvz7wQW54UuvNC8tbKHHri5fy74FVqg=="],

    "call-bind-apply-helpers": ["call-bind-apply-helpers@1.0.2", "", { "dependencies": { "es-errors": "^1.3.0", "function-bind": "^1.1.2" } }, "sha512-Sp1ablJ0ivDkSzjcaJdxEunN5/XvksFJ2sMBFfq6x0ryhQV/2b/KwFe21cMpmHtPOSij8K99/wSfoEuTObmuMQ=="],

    "call-bound": ["call-bound@1.0.4", "", { "dependencies": { "call-bind-apply-helpers": "^1.0.2", "get-intrinsic": "^1.3.0" } }, "sha512-+ys997U96po4Kx/ABpBCqhA9EuxJaQWDQg7295H4hBphv3IZg0boBKuwYpt4YXp6MZ5AmZQnU/tyMTlRpaSejg=="],

    "combined-stream": ["combined-stream@1.0.8", "", { "dependencies": { "delayed-stream": "~1.0.0" } }, "sha512-FQN4MRfuJeHf7cBbBMJFXhKSDq+2kAArBlmRBvcvFE5BB1HZKXtSFASDhdlz9zOYwxh8lDdnvmMOe/+5cdoEdg=="],

    "cpu-features": ["cpu-features@0.0.10", "", { "dependencies": { "buildcheck": "~0.0.6", "nan": "^2.19.0" } }, "sha512-9IkYqtX3YHPCzoVg1Py+o9057a3i0fp7S530UWokCSaFVTc7CwXPRiOjRjBQQ18ZCNafx78YfnG+HALxtVmOGA=="],

    "csstype": ["csstype@3.1.3", "", {}, "sha512-M1uQkMl8rQK/szD0LNhtqxIPLpimGm8sOBwU7lLnCpSbTyY3yeU1Vc7l4KT5zT4s/yOxHH5O7tIuuLOCnLADRw=="],

    "data-uri-to-buffer": ["data-uri-to-buffer@4.0.1", "", {}, "sha512-0R9ikRb668HB7QDxT1vkpuUBtqc53YyAwMwGeUFKRojY/NWKvdZ+9UYtRfGmhqNbRkTSVpMbmyhXipFFv2cb/A=="],

    "debug": ["debug@4.4.1", "", { "dependencies": { "ms": "^2.1.3" } }, "sha512-KcKCqiftBJcZr++7ykoDIEwSa3XWowTfNPo92BYxjXiyYEVrUQh2aLyhxBCwww+heortUFxEJYcRzosstTEBYQ=="],

    "delayed-stream": ["delayed-stream@1.0.0", "", {}, "sha512-ZySD7Nf91aLB0RxL4KGrKHBXl7Eds1DAmEdcoVawXnLD7SDhpNgtuII2aAkg7a7QS41jxPSZ17p4VdGnMHk3MQ=="],

    "dunder-proto": ["dunder-proto@1.0.1", "", { "dependencies": { "call-bind-apply-helpers": "^1.0.1", "es-errors": "^1.3.0", "gopd": "^1.2.0" } }, "sha512-KIN/nDJBQRcXw0MLVhZE9iQHmG68qAVIBg9CqmUYjmQIhgij9U5MFvrqkUL5FbtyyzZuOeOt0zdeRe4UY7ct+A=="],

    "ecdsa-sig-formatter": ["ecdsa-sig-formatter@1.0.11", "", { "dependencies": { "safe-buffer": "^5.0.1" } }, "sha512-nagl3RYrbNv6kQkeJIpt6NJZy8twLB/2vtz6yN9Z4vRKHN4/QZJIEbqohALSgwKdnksuY3k5Addp5lg8sVoVcQ=="],

    "es-define-property": ["es-define-property@1.0.1", "", {}, "sha512-e3nRfgfUZ4rNGL232gUgX06QNyyez04KdjFrF+LTRoOXmrOgFKDg4BCdsjW8EnT69eqdYGmRpJwiPVYNrCaW3g=="],

    "es-errors": ["es-errors@1.3.0", "", {}, "sha512-Zf5H2Kxt2xjTvbJvP2ZWLEICxA6j+hAmMzIlypy4xcBg1vKVnx89Wy0GbS+kf5cwCVFFzdCFh2XSCFNULS6csw=="],

    "es-object-atoms": ["es-object-atoms@1.1.1", "", { "dependencies": { "es-errors": "^1.3.0" } }, "sha512-FGgH2h8zKNim9ljj7dankFPcICIK9Cp5bm+c2gQSYePhpaG5+esrLODihIorn+Pe6FGJzWhXQotPv73jTaldXA=="],

    "es-set-tostringtag": ["es-set-tostringtag@2.1.0", "", { "dependencies": { "es-errors": "^1.3.0", "get-intrinsic": "^1.2.6", "has-tostringtag": "^1.0.2", "hasown": "^2.0.2" } }, "sha512-j6vWzfrGVfyXxge+O0x5sh6cvxAog0a/4Rdd2K36zCMV5eJ+/+tOAngRO8cODMNWbVRdVlmGZQL2YS3yR8bIUA=="],

    "es6-promise": ["es6-promise@4.2.8", "", {}, "sha512-HJDGx5daxeIvxdBxvG2cb9g4tEvwIk3i8+nhX0yGrYmZUzbkdg8QbDevheDB8gd0//uPj4c1EQua8Q+MViT0/w=="],

    "eventemitter3": ["eventemitter3@5.0.1", "", {}, "sha512-GWkBvjiSZK87ELrYOSESUYeVIc9mvLLf/nXalMOS5dYrgZq9o5OVkbZAVM06CVxYsCwH9BDZFPlQTlPA1j4ahA=="],

    "extend": ["extend@3.0.2", "", {}, "sha512-fjquC59cD7CyW6urNXK0FBufkZcoiGG80wTuPujX590cB5Ttln20E2UB4S/WARVqhXffZl2LNgS+gQdPIIim/g=="],

    "fast-content-type-parse": ["fast-content-type-parse@3.0.0", "", {}, "sha512-ZvLdcY8P+N8mGQJahJV5G4U88CSvT1rP8ApL6uETe88MBXrBHAkZlSEySdUlyztF7ccb+Znos3TFqaepHxdhBg=="],

    "fast-sha256": ["fast-sha256@1.3.0", "", {}, "sha512-n11RGP/lrWEFI/bWdygLxhI+pVeo1ZYIVwvvPkW7azl/rOy+F3HYRZ2K5zeE9mmkhQppyv9sQFx0JM9UabnpPQ=="],

    "fetch-blob": ["fetch-blob@3.2.0", "", { "dependencies": { "node-domexception": "^1.0.0", "web-streams-polyfill": "^3.0.3" } }, "sha512-7yAQpD2UMJzLi1Dqv7qFYnPbaPx7ZfFK6PiIxQ4PfkGPyNyl2Ugx+a/umUonmKqjhM4DnfbMvdX6otXq83soQQ=="],

    "follow-redirects": ["follow-redirects@1.15.11", "", {}, "sha512-deG2P0JfjrTxl50XGCDyfI97ZGVCxIpfKYmfyrQ54n5FO/0gfIES8C/Psl6kWVDolizcaaxZJnTS0QSMxvnsBQ=="],

    "form-data": ["form-data@4.0.4", "", { "dependencies": { "asynckit": "^0.4.0", "combined-stream": "^1.0.8", "es-set-tostringtag": "^2.1.0", "hasown": "^2.0.2", "mime-types": "^2.1.12" } }, "sha512-KrGhL9Q4zjj0kiUt5OO4Mr/A/jlI2jDYs5eHBpYHPcBEVSiipAvn2Ko2HnPe20rmcuuvMHNdZFp+4IlGTMF0Ow=="],

    "formdata-polyfill": ["formdata-polyfill@4.0.10", "", { "dependencies": { "fetch-blob": "^3.1.2" } }, "sha512-buewHzMvYL29jdeQTVILecSaZKnt/RJWjoZCF5OW60Z67/GmSLBkOFM7qh1PI3zFNtJbaZL5eQu1vLfazOwj4g=="],

    "function-bind": ["function-bind@1.1.2", "", {}, "sha512-7XHNxH7qX9xG5mIwxkhumTox/MIRNcOgDrxWsMt2pAr23WHp6MrRlN7FBSFpCpr+oVO0F744iUgR82nJMfG2SA=="],

    "gaxios": ["gaxios@7.1.1", "", { "dependencies": { "extend": "^3.0.2", "https-proxy-agent": "^7.0.1", "node-fetch": "^3.3.2" } }, "sha512-Odju3uBUJyVCkW64nLD4wKLhbh93bh6vIg/ZIXkWiLPBrdgtc65+tls/qml+un3pr6JqYVFDZbbmLDQT68rTOQ=="],

    "gcp-metadata": ["gcp-metadata@7.0.1", "", { "dependencies": { "gaxios": "^7.0.0", "google-logging-utils": "^1.0.0", "json-bigint": "^1.0.0" } }, "sha512-UcO3kefx6dCcZkgcTGgVOTFb7b1LlQ02hY1omMjjrrBzkajRMCFgYOjs7J71WqnuG1k2b+9ppGL7FsOfhZMQKQ=="],

    "get-intrinsic": ["get-intrinsic@1.3.0", "", { "dependencies": { "call-bind-apply-helpers": "^1.0.2", "es-define-property": "^1.0.1", "es-errors": "^1.3.0", "es-object-atoms": "^1.1.1", "function-bind": "^1.1.2", "get-proto": "^1.0.1", "gopd": "^1.2.0", "has-symbols": "^1.1.0", "hasown": "^2.0.2", "math-intrinsics": "^1.1.0" } }, "sha512-9fSjSaos/fRIVIp+xSJlE6lfwhES7LNtKaCBIamHsjr2na1BiABJPo0mOjjz8GJDURarmCPGqaiVg5mfjb98CQ=="],

    "get-proto": ["get-proto@1.0.1", "", { "dependencies": { "dunder-proto": "^1.0.1", "es-object-atoms": "^1.0.0" } }, "sha512-sTSfBjoXBp89JvIKIefqw7U2CCebsc74kiY6awiGogKtoSGbgjYE/G/+l9sF3MWFPNc9IcoOC4ODfKHfxFmp0g=="],

    "google-auth-library": ["google-auth-library@10.3.0", "", { "dependencies": { "base64-js": "^1.3.0", "ecdsa-sig-formatter": "^1.0.11", "gaxios": "^7.0.0", "gcp-metadata": "^7.0.0", "google-logging-utils": "^1.0.0", "gtoken": "^8.0.0", "jws": "^4.0.0" } }, "sha512-ylSE3RlCRZfZB56PFJSfUCuiuPq83Fx8hqu1KPWGK8FVdSaxlp/qkeMMX/DT/18xkwXIHvXEXkZsljRwfrdEfQ=="],

    "google-logging-utils": ["google-logging-utils@1.1.1", "", {}, "sha512-rcX58I7nqpu4mbKztFeOAObbomBbHU2oIb/d3tJfF3dizGSApqtSwYJigGCooHdnMyQBIw8BrWyK96w3YXgr6A=="],

    "googleapis": ["googleapis@166.0.0", "", { "dependencies": { "google-auth-library": "^10.2.0", "googleapis-common": "^8.0.0" } }, "sha512-Xz7yG+ihVvYMwSULKIMeTp6vDX95rrSbsaR3xUmgYjwQdAkchMQ5ndFeG5QZwcBOIyvJFvG7ZLIZE7mKW2X/hw=="],

    "googleapis-common": ["googleapis-common@8.0.0", "", { "dependencies": { "extend": "^3.0.2", "gaxios": "^7.0.0-rc.4", "google-auth-library": "^10.1.0", "qs": "^6.7.0", "url-template": "^2.0.8" } }, "sha512-66if47It7y+Sab3HMkwEXx1kCq9qUC9px8ZXoj1CMrmLmUw81GpbnsNlXnlyZyGbGPGcj+tDD9XsZ23m7GLaJQ=="],

    "gopd": ["gopd@1.2.0", "", {}, "sha512-ZUKRh6/kUFoAiTAtTYPZJ3hw9wNxx+BIBOijnlG9PnrJsCcSjs1wyyD6vJpaYtgnzDrKYRSqf3OO6Rfa93xsRg=="],

    "gtoken": ["gtoken@8.0.0", "", { "dependencies": { "gaxios": "^7.0.0", "jws": "^4.0.0" } }, "sha512-+CqsMbHPiSTdtSO14O51eMNlrp9N79gmeqmXeouJOhfucAedHw9noVe/n5uJk3tbKE6a+6ZCQg3RPhVhHByAIw=="],

    "has-symbols": ["has-symbols@1.1.0", "", {}, "sha512-1cDNdwJ2Jaohmb3sg4OmKaMBwuC48sYni5HUw2DvsC8LjGTLK9h+eb1X6RyuOHe4hT0ULCW68iomhjUoKUqlPQ=="],

    "has-tostringtag": ["has-tostringtag@1.0.2", "", { "dependencies": { "has-symbols": "^1.0.3" } }, "sha512-NqADB8VjPFLM2V0VvHUewwwsw0ZWBaIdgo+ieHtK3hasLz4qeCRjYcqfB6AQrBggRKppKF8L52/VqdVsO47Dlw=="],

    "hasown": ["hasown@2.0.2", "", { "dependencies": { "function-bind": "^1.1.2" } }, "sha512-0hJU9SCPvmMzIBdZFqNPXWa6dqh7WdH0cII9y+CyS8rG3nL48Bclra9HmKhVVUHyPWNH5Y7xDwAB7bfgSjkUMQ=="],

    "https-proxy-agent": ["https-proxy-agent@7.0.6", "", { "dependencies": { "agent-base": "^7.1.2", "debug": "4" } }, "sha512-vK9P5/iUfdl95AI+JVyUuIcVtd4ofvtrOr3HNtM2yxC9bnMbEdp3x01OhQNnjb8IJYi38VlTE3mBXwcfvywuSw=="],

    "is-electron": ["is-electron@2.2.2", "", {}, "sha512-FO/Rhvz5tuw4MCWkpMzHFKWD2LsfHzIb7i6MdPYZ/KW7AlxawyLkqdy+jPZP1WubqEADE3O4FUENlJHDfQASRg=="],

    "is-stream": ["is-stream@2.0.1", "", {}, "sha512-hFoiJiTl63nn+kstHGBtewWSKnQLpyb155KHheA1l39uvtO9nWIop1p3udqPcUd/xbF1VLMO4n7OI6p7RbngDg=="],

    "json-bigint": ["json-bigint@1.0.0", "", { "dependencies": { "bignumber.js": "^9.0.0" } }, "sha512-SiPv/8VpZuWbvLSMtTDU8hEfrZWg/mH/nV/b4o0CYbSxu1UIQPLdwKOCIyLQX+VIPO5vrLX3i8qtqFyhdPSUSQ=="],

    "json-schema-to-ts": ["json-schema-to-ts@3.1.1", "", { "dependencies": { "@babel/runtime": "^7.18.3", "ts-algebra": "^2.0.0" } }, "sha512-+DWg8jCJG2TEnpy7kOm/7/AxaYoaRbjVB4LFZLySZlWn8exGs3A4OLJR966cVvU26N7X9TWxl+Jsw7dzAqKT6g=="],

    "jwa": ["jwa@2.0.1", "", { "dependencies": { "buffer-equal-constant-time": "^1.0.1", "ecdsa-sig-formatter": "1.0.11", "safe-buffer": "^5.0.1" } }, "sha512-hRF04fqJIP8Abbkq5NKGN0Bbr3JxlQ+qhZufXVr0DvujKy93ZCbXZMHDL4EOtodSbCWxOqR8MS1tXA5hwqCXDg=="],

    "jws": ["jws@4.0.0", "", { "dependencies": { "jwa": "^2.0.0", "safe-buffer": "^5.0.1" } }, "sha512-KDncfTmOZoOMTFG4mBlG0qUIOlc03fmzH+ru6RgYVZhPkyiy/92Owlt/8UEN+a4TXR1FQetfIpJE8ApdvdVxTg=="],

    "math-intrinsics": ["math-intrinsics@1.1.0", "", {}, "sha512-/IXtbwEk5HTPyEwyKX6hGkYXxM9nbj64B+ilVJnC/R6B0pH5G4V3b0pVbL7DBj4tkhBAppbQUlf6F6Xl9LHu1g=="],

    "mime": ["mime@4.1.0", "", { "bin": { "mime": "bin/cli.js" } }, "sha512-X5ju04+cAzsojXKes0B/S4tcYtFAJ6tTMuSPBEn9CPGlrWr8Fiw7qYeLT0XyH80HSoAoqWCaz+MWKh22P7G1cw=="],

    "mime-db": ["mime-db@1.52.0", "", {}, "sha512-sPU4uV7dYlvtWJxwwxHD0PuihVNiE7TyAbQ5SWxDCB9mUYvOgroQOwYQQOKPJ8CIbE+1ETVlOoK1UC2nU3gYvg=="],

    "mime-types": ["mime-types@2.1.35", "", { "dependencies": { "mime-db": "1.52.0" } }, "sha512-ZDY+bPm5zTTF+YpCrAU9nK0UgICYPT0QtT1NZWFv4s++TNkcgVaT0g6+4R2uI4MjQjzysHB1zxuWL50hzaeXiw=="],

    "ms": ["ms@2.1.3", "", {}, "sha512-6FlzubTLZG3J2a/NVCAleEhjzq5oxgHyaCU9yYXvcLsvoVaHJq/s5xXI6/XXP6tz7R9xAOtHnSO/tXtF3WRTlA=="],

    "nan": ["nan@2.22.2", "", {}, "sha512-DANghxFkS1plDdRsX0X9pm0Z6SJNN6gBdtXfanwoZ8hooC5gosGFSBGRYHUVPz1asKA/kMRqDRdHrluZ61SpBQ=="],

    "node-domexception": ["node-domexception@1.0.0", "", {}, "sha512-/jKZoMpw0F8GRwl4/eLROPA3cfcXtLApP0QzLmUT/HuPCZWyB7IY9ZrMeKw2O/nFIqPQB3PVM9aYm0F312AXDQ=="],

    "node-fetch": ["node-fetch@3.3.2", "", { "dependencies": { "data-uri-to-buffer": "^4.0.0", "fetch-blob": "^3.1.4", "formdata-polyfill": "^4.0.10" } }, "sha512-dRB78srN/l6gqWulah9SrxeYnxeddIG30+GOqK/9OlLVyLg3HPnr6SqOWTWOXKRwC2eGYCkZ59NNuSgvSrpgOA=="],

    "object-inspect": ["object-inspect@1.13.4", "", {}, "sha512-W67iLl4J2EXEGTbfeHCffrjDfitvLANg0UlX3wFUUSTx92KXRFegMHUVgSqE+wvhAbi4WqjGg9czysTV2Epbew=="],

    "octokit": ["octokit@5.0.5", "", { "dependencies": { "@octokit/app": "^16.1.2", "@octokit/core": "^7.0.6", "@octokit/oauth-app": "^8.0.3", "@octokit/plugin-paginate-graphql": "^6.0.0", "@octokit/plugin-paginate-rest": "^14.0.0", "@octokit/plugin-rest-endpoint-methods": "^17.0.0", "@octokit/plugin-retry": "^8.0.3", "@octokit/plugin-throttling": "^11.0.3", "@octokit/request-error": "^7.0.2", "@octokit/types": "^16.0.0", "@octokit/webhooks": "^14.0.0" } }, "sha512-4+/OFSqOjoyULo7eN7EA97DE0Xydj/PW5aIckxqQIoFjFwqXKuFCvXUJObyJfBF9Khu4RL/jlDRI9FPaMGfPnw=="],

    "openai": ["openai@6.9.0", "", { "peerDependencies": { "ws": "^8.18.0", "zod": "^3.25 || ^4.0" }, "optionalPeers": ["ws", "zod"], "bin": { "openai": "bin/cli" } }, "sha512-n2sJRYmM+xfJ0l3OfH8eNnIyv3nQY7L08gZQu3dw6wSdfPtKAk92L83M2NIP5SS8Cl/bsBBG3yKzEOjkx0O+7A=="],

    "p-finally": ["p-finally@1.0.0", "", {}, "sha512-LICb2p9CB7FS+0eR1oqWnHhp0FljGLZCWBE9aix0Uye9W8LTQPwMTYVGWQWIw9RdQiDg4+epXQODwIYJtSJaow=="],

    "p-queue": ["p-queue@6.6.2", "", { "dependencies": { "eventemitter3": "^4.0.4", "p-timeout": "^3.2.0" } }, "sha512-RwFpb72c/BhQLEXIZ5K2e+AhgNVmIejGlTgiB9MzZ0e93GRvqZ7uSi0dvRF7/XIXDeNkra2fNHBxTyPDGySpjQ=="],

    "p-retry": ["p-retry@4.6.2", "", { "dependencies": { "@types/retry": "0.12.0", "retry": "^0.13.1" } }, "sha512-312Id396EbJdvRONlngUx0NydfrIQ5lsYu0znKVUzVvArzEIt08V1qhtyESbGVd1FGX7UKtiFp5uwKZdM8wIuQ=="],

    "p-timeout": ["p-timeout@3.2.0", "", { "dependencies": { "p-finally": "^1.0.0" } }, "sha512-rhIwUycgwwKcP9yTOOFK/AKsAopjjCakVqLHePO3CC6Mir1Z99xT+R63jZxAT5lFZLa2inS5h+ZS2GvR99/FBg=="],

    "proxy-from-env": ["proxy-from-env@1.1.0", "", {}, "sha512-D+zkORCbA9f1tdWRK0RaCR3GPv50cMxcrz4X8k5LTSUD1Dkw47mKJEZQNunItRTkWwgtaUSo1RVFRIG9ZXiFYg=="],

    "qs": ["qs@6.14.0", "", { "dependencies": { "side-channel": "^1.1.0" } }, "sha512-YWWTjgABSKcvs/nWBi9PycY/JiPJqOD4JA6o9Sej2AtvSGarXxKC3OQSk4pAarbdQlKAh5D4FCQkJNkW+GAn3w=="],

    "querystringify": ["querystringify@2.2.0", "", {}, "sha512-FIqgj2EUvTa7R50u0rGsyTftzjYmv/a3hO345bZNrqabNqjtgiDMgmo4mkUjd+nzU5oF3dClKqFIPUKybUyqoQ=="],

    "requires-port": ["requires-port@1.0.0", "", {}, "sha512-KigOCHcocU3XODJxsu8i/j8T9tzT4adHiecwORRQ0ZZFcp7ahwXuRU1m+yuO90C5ZUyGeGfocHDI14M3L3yDAQ=="],

    "resend": ["resend@6.4.2", "", { "dependencies": { "svix": "1.76.1" }, "peerDependencies": { "@react-email/render": "*" }, "optionalPeers": ["@react-email/render"] }, "sha512-YnxmwneltZtjc7Xff+8ZjG1/xPLdstCiqsedgO/JxWTf7vKRAPCx6CkhQ3ZXskG0mrmf8+I5wr/wNRd8PQMUfw=="],

    "retry": ["retry@0.13.1", "", {}, "sha512-XQBQ3I8W1Cge0Seh+6gjj03LbmRFWuoszgK9ooCpwYIrhhoO80pfq4cUkU5DkknwfOfFteRwlZ56PYOGYyFWdg=="],

    "safe-buffer": ["safe-buffer@5.2.1", "", {}, "sha512-rp3So07KcdmmKbGvgaNxQSJr7bGVSVk5S9Eq1F+ppbRo70+YeaDxkw5Dd8NPN+GD6bjnYm2VuPuCXmpuYvmCXQ=="],

    "safer-buffer": ["safer-buffer@2.1.2", "", {}, "sha512-YZo3K82SD7Riyi0E1EQPojLz7kpepnSQI9IyPbHHg1XXXevb5dJI7tpyN2ADxGcQbHG7vcyRHk0cbwqcQriUtg=="],

    "side-channel": ["side-channel@1.1.0", "", { "dependencies": { "es-errors": "^1.3.0", "object-inspect": "^1.13.3", "side-channel-list": "^1.0.0", "side-channel-map": "^1.0.1", "side-channel-weakmap": "^1.0.2" } }, "sha512-ZX99e6tRweoUXqR+VBrslhda51Nh5MTQwou5tnUDgbtyM0dBgmhEDtWGP/xbKn6hqfPRHujUNwz5fy/wbbhnpw=="],

    "side-channel-list": ["side-channel-list@1.0.0", "", { "dependencies": { "es-errors": "^1.3.0", "object-inspect": "^1.13.3" } }, "sha512-FCLHtRD/gnpCiCHEiJLOwdmFP+wzCmDEkc9y7NsYxeF4u7Btsn1ZuwgwJGxImImHicJArLP4R0yX4c2KCrMrTA=="],

    "side-channel-map": ["side-channel-map@1.0.1", "", { "dependencies": { "call-bound": "^1.0.2", "es-errors": "^1.3.0", "get-intrinsic": "^1.2.5", "object-inspect": "^1.13.3" } }, "sha512-VCjCNfgMsby3tTdo02nbjtM/ewra6jPHmpThenkTYh8pG9ucZ/1P8So4u4FGBek/BjpOVsDCMoLA/iuBKIFXRA=="],

    "side-channel-weakmap": ["side-channel-weakmap@1.0.2", "", { "dependencies": { "call-bound": "^1.0.2", "es-errors": "^1.3.0", "get-intrinsic": "^1.2.5", "object-inspect": "^1.13.3", "side-channel-map": "^1.0.1" } }, "sha512-WPS/HvHQTYnHisLo9McqBHOJk2FkHO/tlpvldyrnem4aeQp4hai3gythswg6p01oSoTl58rcpiFAjF2br2Ak2A=="],

    "ssh2": ["ssh2@1.16.0", "", { "dependencies": { "asn1": "^0.2.6", "bcrypt-pbkdf": "^1.0.2" }, "optionalDependencies": { "cpu-features": "~0.0.10", "nan": "^2.20.0" } }, "sha512-r1X4KsBGedJqo7h8F5c4Ybpcr5RjyP+aWIG007uBPRjmdQWfEiVLzSK71Zji1B9sKxwaCvD8y8cwSkYrlLiRRg=="],

    "stripe": ["stripe@17.7.0", "", { "dependencies": { "@types/node": ">=8.1.0", "qs": "^6.11.0" } }, "sha512-aT2BU9KkizY9SATf14WhhYVv2uOapBWX0OFWF4xvcj1mPaNotlSc2CsxpS4DS46ZueSppmCF5BX1sNYBtwBvfw=="],

    "svix": ["svix@1.76.1", "", { "dependencies": { "@stablelib/base64": "^1.0.0", "@types/node": "^22.7.5", "es6-promise": "^4.2.8", "fast-sha256": "^1.3.0", "url-parse": "^1.5.10", "uuid": "^10.0.0" } }, "sha512-CRuDWBTgYfDnBLRaZdKp9VuoPcNUq9An14c/k+4YJ15Qc5Grvf66vp0jvTltd4t7OIRj+8lM1DAgvSgvf7hdLw=="],

    "toad-cache": ["toad-cache@3.7.0", "", {}, "sha512-/m8M+2BJUpoJdgAHoG+baCwBT+tf2VraSfkBgl0Y00qIWt41DJ8R5B8nsEw0I58YwF5IZH6z24/2TobDKnqSWw=="],

    "ts-algebra": ["ts-algebra@2.0.0", "", {}, "sha512-FPAhNPFMrkwz76P7cdjdmiShwMynZYN6SgOujD1urY4oNm80Ou9oMdmbR45LotcKOXoy7wSmHkRFE6Mxbrhefw=="],

    "ts3-nodejs-library": ["ts3-nodejs-library@3.5.1", "", { "dependencies": { "buffer-crc32": "^0.2.13", "ssh2": "^1.14.0" } }, "sha512-hdGAj2lhMyAeLVc1j7sOLA8/pjwib32jtA8ncokNDLg6EGTe/AqcsCT3D/34e8xIuidD4XMMXA8yWf64lQN4Dg=="],

    "turbo": ["turbo@2.6.1", "", { "optionalDependencies": { "turbo-darwin-64": "2.6.1", "turbo-darwin-arm64": "2.6.1", "turbo-linux-64": "2.6.1", "turbo-linux-arm64": "2.6.1", "turbo-windows-64": "2.6.1", "turbo-windows-arm64": "2.6.1" }, "bin": { "turbo": "bin/turbo" } }, "sha512-qBwXXuDT3rA53kbNafGbT5r++BrhRgx3sAo0cHoDAeG9g1ItTmUMgltz3Hy7Hazy1ODqNpR+C7QwqL6DYB52yA=="],

    "turbo-darwin-64": ["turbo-darwin-64@2.6.1", "", { "os": "darwin", "cpu": "x64" }, "sha512-Dm0HwhyZF4J0uLqkhUyCVJvKM9Rw7M03v3J9A7drHDQW0qAbIGBrUijQ8g4Q9Cciw/BXRRd8Uzkc3oue+qn+ZQ=="],

    "turbo-darwin-arm64": ["turbo-darwin-arm64@2.6.1", "", { "os": "darwin", "cpu": "arm64" }, "sha512-U0PIPTPyxdLsrC3jN7jaJUwgzX5sVUBsKLO7+6AL+OASaa1NbT1pPdiZoTkblBAALLP76FM0LlnsVQOnmjYhyw=="],

    "turbo-linux-64": ["turbo-linux-64@2.6.1", "", { "os": "linux", "cpu": "x64" }, "sha512-eM1uLWgzv89bxlK29qwQEr9xYWBhmO/EGiH22UGfq+uXr+QW1OvNKKMogSN65Ry8lElMH4LZh0aX2DEc7eC0Mw=="],

    "turbo-linux-arm64": ["turbo-linux-arm64@2.6.1", "", { "os": "linux", "cpu": "arm64" }, "sha512-MFFh7AxAQAycXKuZDrbeutfWM5Ep0CEZ9u7zs4Hn2FvOViTCzIfEhmuJou3/a5+q5VX1zTxQrKGy+4Lf5cdpsA=="],

    "turbo-windows-64": ["turbo-windows-64@2.6.1", "", { "os": "win32", "cpu": "x64" }, "sha512-buq7/VAN7KOjMYi4tSZT5m+jpqyhbRU2EUTTvp6V0Ii8dAkY2tAAjQN1q5q2ByflYWKecbQNTqxmVploE0LVwQ=="],

    "turbo-windows-arm64": ["turbo-windows-arm64@2.6.1", "", { "os": "win32", "cpu": "arm64" }, "sha512-7w+AD5vJp3R+FB0YOj1YJcNcOOvBior7bcHTodqp90S3x3bLgpr7tE6xOea1e8JkP7GK6ciKVUpQvV7psiwU5Q=="],

    "tweetnacl": ["tweetnacl@0.14.5", "", {}, "sha512-KXXFFdAbFXY4geFIwoyNK+f5Z1b7swfXABfL7HXCmoIWMKU3dmS26672A4EeQtDzLKy7SXmfBu51JolvEKwtGA=="],

    "typescript": ["typescript@5.9.3", "", { "bin": { "tsc": "bin/tsc", "tsserver": "bin/tsserver" } }, "sha512-jl1vZzPDinLr9eUt3J/t7V6FgNEw9QjvBPdysz9KfQDD41fQrC2Y4vKQdiaUpFT4bXlb1RHhLpp8wtm6M5TgSw=="],

    "undici-types": ["undici-types@7.16.0", "", {}, "sha512-Zz+aZWSj8LE6zoxD+xrjh4VfkIG8Ya6LvYkZqtUQGJPZjYl53ypCaUwWqo7eI0x66KBGeRo+mlBEkMSeSZ38Nw=="],

    "universal-github-app-jwt": ["universal-github-app-jwt@2.2.2", "", {}, "sha512-dcmbeSrOdTnsjGjUfAlqNDJrhxXizjAz94ija9Qw8YkZ1uu0d+GoZzyH+Jb9tIIqvGsadUfwg+22k5aDqqwzbw=="],

    "universal-user-agent": ["universal-user-agent@7.0.3", "", {}, "sha512-TmnEAEAsBJVZM/AADELsK76llnwcf9vMKuPz8JflO1frO8Lchitr0fNaN9d+Ap0BjKtqWqd/J17qeDnXh8CL2A=="],

    "url-parse": ["url-parse@1.5.10", "", { "dependencies": { "querystringify": "^2.1.1", "requires-port": "^1.0.0" } }, "sha512-WypcfiRhfeUP9vvF0j6rw0J3hrWrw6iZv3+22h6iRMJ/8z1Tj6XfLP4DsUix5MhMPnXpiHDoKyoZ/bdCkwBCiQ=="],

    "url-template": ["url-template@2.0.8", "", {}, "sha512-XdVKMF4SJ0nP/O7XIPB0JwAEuT9lDIYnNsK8yGVe43y0AWoKeJNdv3ZNWh7ksJ6KqQFjOO6ox/VEitLnaVNufw=="],

    "uuid": ["uuid@10.0.0", "", { "bin": { "uuid": "dist/bin/uuid" } }, "sha512-8XkAphELsDnEGrDxUOHB3RGvXz6TeuYSGEZBOjtTtPm2lwhGBjLgOzLHB63IUWfBpNucQjND6d3AOudO+H3RWQ=="],

    "valibot": ["valibot@1.1.0", "", { "peerDependencies": { "typescript": ">=5" }, "optionalPeers": ["typescript"] }, "sha512-Nk8lX30Qhu+9txPYTwM0cFlWLdPFsFr6LblzqIySfbZph9+BFsAHsNvHOymEviUepeIW6KFHzpX8TKhbptBXXw=="],

    "web-streams-polyfill": ["web-streams-polyfill@3.3.3", "", {}, "sha512-d2JWLCivmZYTSIoge9MsgFCZrt571BikcWGYkjC1khllbTeDlGqZ2D8vD8E/lJa8WGWbb7Plm8/XJYV7IJHZZw=="],

    "ws": ["ws@8.18.3", "", { "peerDependencies": { "bufferutil": "^4.0.1", "utf-8-validate": ">=5.0.2" }, "optionalPeers": ["bufferutil", "utf-8-validate"] }, "sha512-PEIGCY5tSlUt50cqyMXfCzX+oOPqN0vuGqWzbcJ2xvnkzkq46oOpz7dQaTDBdfICb4N14+GARUDw2XV2N4tvzg=="],

    "zod": ["zod@4.1.12", "", {}, "sha512-JInaHOamG8pt5+Ey8kGmdcAcg3OL9reK8ltczgHTAwNhMys/6ThXHityHxVV2p3fkw/c+MAvBHFVYHFZDmjMCQ=="],

    "@octokit/auth-app/@octokit/request-error": ["@octokit/request-error@7.1.0", "", { "dependencies": { "@octokit/types": "^16.0.0" } }, "sha512-KMQIfq5sOPpkQYajXHwnhjCC0slzCNScLHs9JafXc4RAJI+9f+jNDlBNaIMTvazOPLgb4BnlhGJOTbnN0wIjPw=="],

    "@octokit/auth-unauthenticated/@octokit/request-error": ["@octokit/request-error@7.1.0", "", { "dependencies": { "@octokit/types": "^16.0.0" } }, "sha512-KMQIfq5sOPpkQYajXHwnhjCC0slzCNScLHs9JafXc4RAJI+9f+jNDlBNaIMTvazOPLgb4BnlhGJOTbnN0wIjPw=="],

    "@octokit/core/@octokit/request-error": ["@octokit/request-error@7.1.0", "", { "dependencies": { "@octokit/types": "^16.0.0" } }, "sha512-KMQIfq5sOPpkQYajXHwnhjCC0slzCNScLHs9JafXc4RAJI+9f+jNDlBNaIMTvazOPLgb4BnlhGJOTbnN0wIjPw=="],

    "@octokit/oauth-methods/@octokit/request-error": ["@octokit/request-error@7.1.0", "", { "dependencies": { "@octokit/types": "^16.0.0" } }, "sha512-KMQIfq5sOPpkQYajXHwnhjCC0slzCNScLHs9JafXc4RAJI+9f+jNDlBNaIMTvazOPLgb4BnlhGJOTbnN0wIjPw=="],

    "@octokit/plugin-retry/@octokit/request-error": ["@octokit/request-error@7.1.0", "", { "dependencies": { "@octokit/types": "^16.0.0" } }, "sha512-KMQIfq5sOPpkQYajXHwnhjCC0slzCNScLHs9JafXc4RAJI+9f+jNDlBNaIMTvazOPLgb4BnlhGJOTbnN0wIjPw=="],

    "@octokit/request/@octokit/request-error": ["@octokit/request-error@7.1.0", "", { "dependencies": { "@octokit/types": "^16.0.0" } }, "sha512-KMQIfq5sOPpkQYajXHwnhjCC0slzCNScLHs9JafXc4RAJI+9f+jNDlBNaIMTvazOPLgb4BnlhGJOTbnN0wIjPw=="],

    "@octokit/request-error/@octokit/types": ["@octokit/types@14.1.0", "", { "dependencies": { "@octokit/openapi-types": "^25.1.0" } }, "sha512-1y6DgTy8Jomcpu33N+p5w58l6xyt55Ar2I91RPiIA0xCJBXyUAhXCcmZaDWSANiha7R9a6qJJ2CRomGPZ6f46g=="],

    "@slack/logger/@types/node": ["@types/node@24.3.0", "", { "dependencies": { "undici-types": "~7.10.0" } }, "sha512-aPTXCrfwnDLj4VvXrm+UUCQjNEvJgNA8s5F1cvwQU+3KNltTOkBm1j30uNLyqqPNe7gE3KFzImYoZEfLhp4Yow=="],

    "@slack/socket-mode/@slack/web-api": ["@slack/web-api@7.10.0", "", { "dependencies": { "@slack/logger": "^4.0.0", "@slack/types": "^2.9.0", "@types/node": ">=18.0.0", "@types/retry": "0.12.0", "axios": "^1.11.0", "eventemitter3": "^5.0.1", "form-data": "^4.0.4", "is-electron": "2.2.2", "is-stream": "^2", "p-queue": "^6", "p-retry": "^4", "retry": "^0.13.1" } }, "sha512-kT+07JvOqpYH3b/ttVo3iqKIFiHV2NKmD6QUc/F7HrjCgSdSA10zxqi0euXEF2prB49OU7SfjadzQ0WhNc7tiw=="],

    "@slack/socket-mode/@types/node": ["@types/node@24.3.0", "", { "dependencies": { "undici-types": "~7.10.0" } }, "sha512-aPTXCrfwnDLj4VvXrm+UUCQjNEvJgNA8s5F1cvwQU+3KNltTOkBm1j30uNLyqqPNe7gE3KFzImYoZEfLhp4Yow=="],

    "@types/ws/@types/node": ["@types/node@24.3.0", "", { "dependencies": { "undici-types": "~7.10.0" } }, "sha512-aPTXCrfwnDLj4VvXrm+UUCQjNEvJgNA8s5F1cvwQU+3KNltTOkBm1j30uNLyqqPNe7gE3KFzImYoZEfLhp4Yow=="],

    "googleapis/google-auth-library": ["google-auth-library@10.5.0", "", { "dependencies": { "base64-js": "^1.3.0", "ecdsa-sig-formatter": "^1.0.11", "gaxios": "^7.0.0", "gcp-metadata": "^8.0.0", "google-logging-utils": "^1.0.0", "gtoken": "^8.0.0", "jws": "^4.0.0" } }, "sha512-7ABviyMOlX5hIVD60YOfHw4/CxOfBhyduaYB+wbFWCWoni4N7SLcV46hrVRktuBbZjFC9ONyqamZITN7q3n32w=="],

    "octokit/@octokit/request-error": ["@octokit/request-error@7.1.0", "", { "dependencies": { "@octokit/types": "^16.0.0" } }, "sha512-KMQIfq5sOPpkQYajXHwnhjCC0slzCNScLHs9JafXc4RAJI+9f+jNDlBNaIMTvazOPLgb4BnlhGJOTbnN0wIjPw=="],

    "p-queue/eventemitter3": ["eventemitter3@4.0.7", "", {}, "sha512-8guHBZCwKnFhYdHr2ysuRWErTwhoN2X8XELRlrRwpmfeY2jjuUN4taQMsULKUVo1K4DvZl+0pgfyoysHxvmvEw=="],

    "svix/@types/node": ["@types/node@22.19.1", "", { "dependencies": { "undici-types": "~6.21.0" } }, "sha512-LCCV0HdSZZZb34qifBsyWlUmok6W7ouER+oQIGBScS8EsZsQbrtFTUrDX4hOl+CS6p7cnNC4td+qrSVGSCTUfQ=="],

    "@octokit/request-error/@octokit/types/@octokit/openapi-types": ["@octokit/openapi-types@25.1.0", "", {}, "sha512-idsIggNXUKkk0+BExUn1dQ92sfysJrje03Q0bv0e+KPLrvyqZF8MnBpFz8UNfYDwB3Ie7Z0TByjWfzxt7vseaA=="],

    "@slack/logger/@types/node/undici-types": ["undici-types@7.10.0", "", {}, "sha512-t5Fy/nfn+14LuOc2KNYg75vZqClpAiqscVvMygNnlsHBFpSXdJaYtXMcdNLpl/Qvc3P2cB3s6lOV51nqsFq4ag=="],

    "@slack/socket-mode/@slack/web-api/@slack/types": ["@slack/types@2.16.0", "", {}, "sha512-bICnyukvdklXhwxprR3uF1+ZFkTvWTZge4evlCS4G1H1HU6QLY68AcjqzQRymf7/5gNt6Y4OBb4NdviheyZcAg=="],

    "@slack/socket-mode/@types/node/undici-types": ["undici-types@7.10.0", "", {}, "sha512-t5Fy/nfn+14LuOc2KNYg75vZqClpAiqscVvMygNnlsHBFpSXdJaYtXMcdNLpl/Qvc3P2cB3s6lOV51nqsFq4ag=="],

    "@types/ws/@types/node/undici-types": ["undici-types@7.10.0", "", {}, "sha512-t5Fy/nfn+14LuOc2KNYg75vZqClpAiqscVvMygNnlsHBFpSXdJaYtXMcdNLpl/Qvc3P2cB3s6lOV51nqsFq4ag=="],

    "googleapis/google-auth-library/gcp-metadata": ["gcp-metadata@8.1.2", "", { "dependencies": { "gaxios": "^7.0.0", "google-logging-utils": "^1.0.0", "json-bigint": "^1.0.0" } }, "sha512-zV/5HKTfCeKWnxG0Dmrw51hEWFGfcF2xiXqcA3+J90WDuP0SvoiSO5ORvcBsifmx/FoIjgQN3oNOGaQ5PhLFkg=="],

    "svix/@types/node/undici-types": ["undici-types@6.21.0", "", {}, "sha512-iwDZqg0QAGrg9Rav5H4n0M64c3mkR59cJ6wQp+7C4nI0gsmExaedaYLNO44eT4AtBBwjbTiGPMlt2Md0T9H9JQ=="],
  }
}
